
Microsoft Visual Studio Solution File, Format Version 12.00
# Visual Studio 15
VisualStudioVersion = 15.0.26430.16
MinimumVisualStudioVersion = 10.0.40219.1
Project("{FAE04EC0-301F-11D3-BF4B-00C04F79EFBC}") = "Scraper", "Scraper\Scraper.csproj", "{9B8F8A21-3C66-4E9A-8648-707E958A8F81}"
EndProject
Project("{FAE04EC0-301F-11D3-BF4B-00C04F79EFBC}") = "SeoRankings", "SeoRankings\SeoRankings.csproj", "{F9E800AD-8275-4270-BFC7-3A6B81153F72}"
EndProject
Project("{FAE04EC0-301F-11D3-BF4B-00C04F79EFBC}") = "Scraper.Tests", "ScraperTests\Scraper.Tests.csproj", "{07F4ECC0-4D63-4261-BA04-ACEFA2C472B5}"
EndProject
Global
	GlobalSection(SolutionConfigurationPlatforms) = preSolution
		Debug|Any CPU = Debug|Any CPU
		Release|Any CPU = Release|Any CPU
	EndGlobalSection
	GlobalSection(ProjectConfigurationPlatforms) = postSolution
		{9B8F8A21-3C66-4E9A-8648-707E958A8F81}.Debug|Any CPU.ActiveCfg = Debug|Any CPU
		{9B8F8A21-3C66-4E9A-8648-707E958A8F81}.Debug|Any CPU.Build.0 = Debug|Any CPU
		{9B8F8A21-3C66-4E9A-8648-707E958A8F81}.Release|Any CPU.ActiveCfg = Release|Any CPU
		{9B8F8A21-3C66-4E9A-8648-707E958A8F81}.Release|Any CPU.Build.0 = Release|Any CPU
		{F9E800AD-8275-4270-BFC7-3A6B81153F72}.Debug|Any CPU.ActiveCfg = Debug|Any CPU
		{F9E800AD-8275-4270-BFC7-3A6B81153F72}.Debug|Any CPU.Build.0 = Debug|Any CPU
		{F9E800AD-8275-4270-BFC7-3A6B81153F72}.Release|Any CPU.ActiveCfg = Release|Any CPU
		{F9E800AD-8275-4270-BFC7-3A6B81153F72}.Release|Any CPU.Build.0 = Release|Any CPU
		{07F4ECC0-4D63-4261-BA04-ACEFA2C472B5}.Debug|Any CPU.ActiveCfg = Debug|Any CPU
		{07F4ECC0-4D63-4261-BA04-ACEFA2C472B5}.Debug|Any CPU.Build.0 = Debug|Any CPU
		{07F4ECC0-4D63-4261-BA04-ACEFA2C472B5}.Release|Any CPU.ActiveCfg = Release|Any CPU
		{07F4ECC0-4D63-4261-BA04-ACEFA2C472B5}.Release|Any CPU.Build.0 = Release|Any CPU
	EndGlobalSection
	GlobalSection(SolutionProperties) = preSolution
		HideSolutionNode = FALSE
	EndGlobalSection
	GlobalSection(ExtensibilityGlobals) = postSolution
		SolutionGuid = {8855ADD3-338B-4FC8-A8A9-4E5464F3FBCA}
	EndGlobalSection
EndGlobal
